
Microsoft Visual Studio Solution File, Format Version 12.00
# Visual Studio Version 17
VisualStudioVersion = 17.6.33815.320
MinimumVisualStudioVersion = 10.0.40219.1
Project("{FAE04EC0-301F-11D3-BF4B-00C04F79EFBC}") = "WebApplication5", "WebApplication5\WebApplication5.csproj", "{FA85E0EE-928C-492A-9D51-1A1F1F196F0C}"
EndProject
Global
	GlobalSection(SolutionConfigurationPlatforms) = preSolution
		Debug|Any CPU = Debug|Any CPU
		Release|Any CPU = Release|Any CPU
	EndGlobalSection
	GlobalSection(ProjectConfigurationPlatforms) = postSolution
		{FA85E0EE-928C-492A-9D51-1A1F1F196F0C}.Debug|Any CPU.ActiveCfg = Debug|Any CPU
		{FA85E0EE-928C-492A-9D51-1A1F1F196F0C}.Debug|Any CPU.Build.0 = Debug|Any CPU
		{FA85E0EE-928C-492A-9D51-1A1F1F196F0C}.Release|Any CPU.ActiveCfg = Release|Any CPU
		{FA85E0EE-928C-492A-9D51-1A1F1F196F0C}.Release|Any CPU.Build.0 = Release|Any CPU
	EndGlobalSection
	GlobalSection(SolutionProperties) = preSolution
		HideSolutionNode = FALSE
	EndGlobalSection
	GlobalSection(ExtensibilityGlobals) = postSolution
		SolutionGuid = {778BA776-1EB2-49EB-BE64-11B59F40FB2E}
	EndGlobalSection
EndGlobal
